// !$*UTF8*$!
{
	archiveVersion = 1;
	classes = {
	};
	objectVersion = 77;
	objects = {

/* Begin PBXContainerItemProxy section */
		25B9DDD72E101A94000ACC2E /* PBXContainerItemProxy */ = {
			isa = PBXContainerItemProxy;
			containerPortal = 25B9DDC12E101A90000ACC2E /* Project object */;
			proxyType = 1;
			remoteGlobalIDString = 25B9DDC82E101A90000ACC2E;
			remoteInfo = EvolveAI;
		};
		25B9DDE12E101A94000ACC2E /* PBXContainerItemProxy */ = {
			isa = PBXContainerItemProxy;
			containerPortal = 25B9DDC12E101A90000ACC2E /* Project object */;
			proxyType = 1;
			remoteGlobalIDString = 25B9DDC82E101A90000ACC2E;
			remoteInfo = EvolveAI;
		};
/* End PBXContainerItemProxy section */

/* Begin PBXFileReference section */
		25B9DDC92E101A90000ACC2E /* EvolveAI.app */ = {isa = PBXFileReference; explicitFileType = wrapper.application; includeInIndex = 0; path = EvolveAI.app; sourceTree = BUILT_PRODUCTS_DIR; };
		25B9DDD62E101A94000ACC2E /* EvolveAITests.xctest */ = {isa = PBXFileReference; explicitFileType = wrapper.cfbundle; includeInIndex = 0; path = EvolveAITests.xctest; sourceTree = BUILT_PRODUCTS_DIR; };
		25B9DDE02E101A94000ACC2E /* EvolveAIUITests.xctest */ = {isa = PBXFileReference; explicitFileType = wrapper.cfbundle; includeInIndex = 0; path = EvolveAIUITests.xctest; sourceTree = BUILT_PRODUCTS_DIR; };
/* End PBXFileReference section */

/* Begin PBXFileSystemSynchronizedBuildFileExceptionSet section */
		252BD5172E1C48B700B5BDA3 /* Exceptions for "Frontend" folder in "EvolveAI" target */ = {
			isa = PBXFileSystemSynchronizedBuildFileExceptionSet;
			membershipExceptions = (
				EvolveAI/Application/Info.plist,
				EvolveAITests/EvolveAITests.swift,
				EvolveAIUITests/EvolveAIUITests.swift,
				EvolveAIUITests/EvolveAIUITestsLaunchTests.swift,
			);
			target = 25B9DDC82E101A90000ACC2E /* EvolveAI */;
		};
		252BD51B2E1C48B900B5BDA3 /* Exceptions for "Frontend" folder in "EvolveAITests" target */ = {
			isa = PBXFileSystemSynchronizedBuildFileExceptionSet;
			membershipExceptions = (
				EvolveAITests/EvolveAITests.swift,
			);
			target = 25B9DDD52E101A94000ACC2E /* EvolveAITests */;
		};
		252BD5212E1C48BA00B5BDA3 /* Exceptions for "Frontend" folder in "EvolveAIUITests" target */ = {
			isa = PBXFileSystemSynchronizedBuildFileExceptionSet;
			membershipExceptions = (
				EvolveAIUITests/EvolveAIUITests.swift,
				EvolveAIUITests/EvolveAIUITestsLaunchTests.swift,
			);
			target = 25B9DDDF2E101A94000ACC2E /* EvolveAIUITests */;
		};
/* End PBXFileSystemSynchronizedBuildFileExceptionSet section */

/* Begin PBXFileSystemSynchronizedRootGroup section */
		252BD4DB2E1C48AB00B5BDA3 /* Frontend */ = {
			isa = PBXFileSystemSynchronizedRootGroup;
			exceptions = (
				252BD5172E1C48B700B5BDA3 /* Exceptions for "Frontend" folder in "EvolveAI" target */,
				252BD51B2E1C48B900B5BDA3 /* Exceptions for "Frontend" folder in "EvolveAITests" target */,
				252BD5212E1C48BA00B5BDA3 /* Exceptions for "Frontend" folder in "EvolveAIUITests" target */,
			);
			path = Frontend;
			sourceTree = "<group>";
		};
/* End PBXFileSystemSynchronizedRootGroup section */

/* Begin PBXFrameworksBuildPhase section */
		25B9DDC62E101A90000ACC2E /* Frameworks */ = {
			isa = PBXFrameworksBuildPhase;
			buildActionMask = 2147483647;
			files = (
			);
			runOnlyForDeploymentPostprocessing = 0;
		};
		25B9DDD32E101A94000ACC2E /* Frameworks */ = {
			isa = PBXFrameworksBuildPhase;
			buildActionMask = 2147483647;
			files = (
			);
			runOnlyForDeploymentPostprocessing = 0;
		};
		25B9DDDD2E101A94000ACC2E /* Frameworks */ = {
			isa = PBXFrameworksBuildPhase;
			buildActionMask = 2147483647;
			files = (
			);
			runOnlyForDeploymentPostprocessing = 0;
		};
/* End PBXFrameworksBuildPhase section */

/* Begin PBXGroup section */
		25B9DDC02E101A90000ACC2E = {
			isa = PBXGroup;
			children = (
				25B9DDCA2E101A90000ACC2E /* Products */,
				252BD4DB2E1C48AB00B5BDA3 /* Frontend */,
			);
			sourceTree = "<group>";
		};
		25B9DDCA2E101A90000ACC2E /* Products */ = {
			isa = PBXGroup;
			children = (
				25B9DDC92E101A90000ACC2E /* EvolveAI.app */,
				25B9DDD62E101A94000ACC2E /* EvolveAITests.xctest */,
				25B9DDE02E101A94000ACC2E /* EvolveAIUITests.xctest */,
			);
			name = Products;
			sourceTree = "<group>";
		};
/* End PBXGroup section */

/* Begin PBXNativeTarget section */
		25B9DDC82E101A90000ACC2E /* EvolveAI */ = {
			isa = PBXNativeTarget;
			buildConfigurationList = 25B9DDEA2E101A94000ACC2E /* Build configuration list for PBXNativeTarget "EvolveAI" */;
			buildPhases = (
				25B9DDC52E101A90000ACC2E /* Sources */,
				25B9DDC62E101A90000ACC2E /* Frameworks */,
				25B9DDC72E101A90000ACC2E /* Resources */,
			);
			buildRules = (
			);
			dependencies = (
			);
			fileSystemSynchronizedGroups = (
				252BD4DB2E1C48AB00B5BDA3 /* Frontend */,
			);
			name = EvolveAI;
			packageProductDependencies = (
			);
			productName = EvolveAI;
			productReference = 25B9DDC92E101A90000ACC2E /* EvolveAI.app */;
			productType = "com.apple.product-type.application";
		};
		25B9DDD52E101A94000ACC2E /* EvolveAITests */ = {
			isa = PBXNativeTarget;
			buildConfigurationList = 25B9DDED2E101A94000ACC2E /* Build configuration list for PBXNativeTarget "EvolveAITests" */;
			buildPhases = (
				25B9DDD22E101A94000ACC2E /* Sources */,
				25B9DDD32E101A94000ACC2E /* Frameworks */,
				25B9DDD42E101A94000ACC2E /* Resources */,
			);
			buildRules = (
			);
			dependencies = (
				25B9DDD82E101A94000ACC2E /* PBXTargetDependency */,
			);
			name = EvolveAITests;
			packageProductDependencies = (
			);
			productName = EvolveAITests;
			productReference = 25B9DDD62E101A94000ACC2E /* EvolveAITests.xctest */;
			productType = "com.apple.product-type.bundle.unit-test";
		};
		25B9DDDF2E101A94000ACC2E /* EvolveAIUITests */ = {
			isa = PBXNativeTarget;
			buildConfigurationList = 25B9DDF02E101A94000ACC2E /* Build configuration list for PBXNativeTarget "EvolveAIUITests" */;
			buildPhases = (
				25B9DDDC2E101A94000ACC2E /* Sources */,
				25B9DDDD2E101A94000ACC2E /* Frameworks */,
				25B9DDDE2E101A94000ACC2E /* Resources */,
			);
			buildRules = (
			);
			dependencies = (
				25B9DDE22E101A94000ACC2E /* PBXTargetDependency */,
			);
			name = EvolveAIUITests;
			packageProductDependencies = (
			);
			productName = EvolveAIUITests;
			productReference = 25B9DDE02E101A94000ACC2E /* EvolveAIUITests.xctest */;
			productType = "com.apple.product-type.bundle.ui-testing";
		};
/* End PBXNativeTarget section */

/* Begin PBXProject section */
		25B9DDC12E101A90000ACC2E /* Project object */ = {
			isa = PBXProject;
			attributes = {
				BuildIndependentTargetsInParallel = 1;
				LastSwiftUpdateCheck = 1640;
				LastUpgradeCheck = 1640;
				TargetAttributes = {
					25B9DDC82E101A90000ACC2E = {
						CreatedOnToolsVersion = 16.4;
					};
					25B9DDD52E101A94000ACC2E = {
						CreatedOnToolsVersion = 16.4;
						TestTargetID = 25B9DDC82E101A90000ACC2E;
					};
					25B9DDDF2E101A94000ACC2E = {
						CreatedOnToolsVersion = 16.4;
						TestTargetID = 25B9DDC82E101A90000ACC2E;
					};
				};
			};
			buildConfigurationList = 25B9DDC42E101A90000ACC2E /* Build configuration list for PBXProject "EvolveAI" */;
			developmentRegion = en;
			hasScannedForEncodings = 0;
			knownRegions = (
				en,
				Base,
			);
			mainGroup = 25B9DDC02E101A90000ACC2E;
			minimizedProjectReferenceProxies = 1;
			preferredProjectObjectVersion = 77;
			productRefGroup = 25B9DDCA2E101A90000ACC2E /* Products */;
			projectDirPath = "";
			projectRoot = "";
			targets = (
				25B9DDC82E101A90000ACC2E /* EvolveAI */,
				25B9DDD52E101A94000ACC2E /* EvolveAITests */,
				25B9DDDF2E101A94000ACC2E /* EvolveAIUITests */,
			);
		};
/* End PBXProject section */

/* Begin PBXResourcesBuildPhase section */
		25B9DDC72E101A90000ACC2E /* Resources */ = {
			isa = PBXResourcesBuildPhase;
			buildActionMask = 2147483647;
			files = (
			);
			runOnlyForDeploymentPostprocessing = 0;
		};
		25B9DDD42E101A94000ACC2E /* Resources */ = {
			isa = PBXResourcesBuildPhase;
			buildActionMask = 2147483647;
			files = (
			);
			runOnlyForDeploymentPostprocessing = 0;
		};
		25B9DDDE2E101A94000ACC2E /* Resources */ = {
			isa = PBXResourcesBuildPhase;
			buildActionMask = 2147483647;
			files = (
			);
			runOnlyForDeploymentPostprocessing = 0;
		};
/* End PBXResourcesBuildPhase section */

/* Begin PBXSourcesBuildPhase section */
		25B9DDC52E101A90000ACC2E /* Sources */ = {
			isa = PBXSourcesBuildPhase;
			buildActionMask = 2147483647;
			files = (
			);
			runOnlyForDeploymentPostprocessing = 0;
		};
		25B9DDD22E101A94000ACC2E /* Sources */ = {
			isa = PBXSourcesBuildPhase;
			buildActionMask = 2147483647;
			files = (
			);
			runOnlyForDeploymentPostprocessing = 0;
		};
		25B9DDDC2E101A94000ACC2E /* Sources */ = {
			isa = PBXSourcesBuildPhase;
			buildActionMask = 2147483647;
			files = (
			);
			runOnlyForDeploymentPostprocessing = 0;
		};
/* End PBXSourcesBuildPhase section */

/* Begin PBXTargetDependency section */
		25B9DDD82E101A94000ACC2E /* PBXTargetDependency */ = {
			isa = PBXTargetDependency;
			target = 25B9DDC82E101A90000ACC2E /* EvolveAI */;
			targetProxy = 25B9DDD72E101A94000ACC2E /* PBXContainerItemProxy */;
		};
		25B9DDE22E101A94000ACC2E /* PBXTargetDependency */ = {
			isa = PBXTargetDependency;
			target = 25B9DDC82E101A90000ACC2E /* EvolveAI */;
			targetProxy = 25B9DDE12E101A94000ACC2E /* PBXContainerItemProxy */;
		};
/* End PBXTargetDependency section */

/* Begin XCBuildConfiguration section */
		25B9DDE82E101A94000ACC2E /* Debug */ = {
			isa = XCBuildConfiguration;
			buildSettings = {
				ALWAYS_SEARCH_USER_PATHS = NO;
				ASSETCATALOG_COMPILER_GENERATE_SWIFT_ASSET_SYMBOL_EXTENSIONS = YES;
				CLANG_ANALYZER_NONNULL = YES;
				CLANG_ANALYZER_NUMBER_OBJECT_CONVERSION = YES_AGGRESSIVE;
				CLANG_CXX_LANGUAGE_STANDARD = "gnu++20";
				CLANG_ENABLE_MODULES = YES;
				CLANG_ENABLE_OBJC_ARC = YES;
				CLANG_ENABLE_OBJC_WEAK = YES;
				CLANG_WARN_BLOCK_CAPTURE_AUTORELEASING = YES;
				CLANG_WARN_BOOL_CONVERSION = YES;
				CLANG_WARN_COMMA = YES;
				CLANG_WARN_CONSTANT_CONVERSION = YES;
				CLANG_WARN_DEPRECATED_OBJC_IMPLEMENTATIONS = YES;
				CLANG_WARN_DIRECT_OBJC_ISA_USAGE = YES_ERROR;
				CLANG_WARN_DOCUMENTATION_COMMENTS = YES;
				CLANG_WARN_EMPTY_BODY = YES;
				CLANG_WARN_ENUM_CONVERSION = YES;
				CLANG_WARN_INFINITE_RECURSION = YES;
				CLANG_WARN_INT_CONVERSION = YES;
				CLANG_WARN_NON_LITERAL_NULL_CONVERSION = YES;
				CLANG_WARN_OBJC_IMPLICIT_RETAIN_SELF = YES;
				CLANG_WARN_OBJC_LITERAL_CONVERSION = YES;
				CLANG_WARN_OBJC_ROOT_CLASS = YES_ERROR;
				CLANG_WARN_QUOTED_INCLUDE_IN_FRAMEWORK_HEADER = YES;
				CLANG_WARN_RANGE_LOOP_ANALYSIS = YES;
				CLANG_WARN_STRICT_PROTOTYPES = YES;
				CLANG_WARN_SUSPICIOUS_MOVE = YES;
				CLANG_WARN_UNGUARDED_AVAILABILITY = YES_AGGRESSIVE;
				CLANG_WARN_UNREACHABLE_CODE = YES;
				CLANG_WARN__DUPLICATE_METHOD_MATCH = YES;
				COPY_PHASE_STRIP = NO;
				DEBUG_INFORMATION_FORMAT = dwarf;
				DEVELOPMENT_TEAM = 6WYBUHQGZR;
				ENABLE_STRICT_OBJC_MSGSEND = YES;
				ENABLE_TESTABILITY = YES;
				ENABLE_USER_SCRIPT_SANDBOXING = YES;
				GCC_C_LANGUAGE_STANDARD = gnu17;
				GCC_DYNAMIC_NO_PIC = NO;
				GCC_NO_COMMON_BLOCKS = YES;
				GCC_OPTIMIZATION_LEVEL = 0;
				GCC_PREPROCESSOR_DEFINITIONS = (
					"DEBUG=1",
					"$(inherited)",
				);
				GCC_WARN_64_TO_32_BIT_CONVERSION = YES;
				GCC_WARN_ABOUT_RETURN_TYPE = YES_ERROR;
				GCC_WARN_UNDECLARED_SELECTOR = YES;
				GCC_WARN_UNINITIALIZED_AUTOS = YES_AGGRESSIVE;
				GCC_WARN_UNUSED_FUNCTION = YES;
				GCC_WARN_UNUSED_VARIABLE = YES;
				IPHONEOS_DEPLOYMENT_TARGET = 18.5;
				LOCALIZATION_PREFERS_STRING_CATALOGS = YES;
				MTL_ENABLE_DEBUG_INFO = INCLUDE_SOURCE;
				MTL_FAST_MATH = YES;
				ONLY_ACTIVE_ARCH = YES;
				SDKROOT = iphoneos;
				SWIFT_ACTIVE_COMPILATION_CONDITIONS = "DEBUG $(inherited)";
				SWIFT_OPTIMIZATION_LEVEL = "-Onone";
			};
			name = Debug;
		};
		25B9DDE92E101A94000ACC2E /* Release */ = {
			isa = XCBuildConfiguration;
			buildSettings = {
				ALWAYS_SEARCH_USER_PATHS = NO;
				ASSETCATALOG_COMPILER_GENERATE_SWIFT_ASSET_SYMBOL_EXTENSIONS = YES;
				CLANG_ANALYZER_NONNULL = YES;
				CLANG_ANALYZER_NUMBER_OBJECT_CONVERSION = YES_AGGRESSIVE;
				CLANG_CXX_LANGUAGE_STANDARD = "gnu++20";
				CLANG_ENABLE_MODULES = YES;
				CLANG_ENABLE_OBJC_ARC = YES;
				CLANG_ENABLE_OBJC_WEAK = YES;
				CLANG_WARN_BLOCK_CAPTURE_AUTORELEASING = YES;
				CLANG_WARN_BOOL_CONVERSION = YES;
				CLANG_WARN_COMMA = YES;
				CLANG_WARN_CONSTANT_CONVERSION = YES;
				CLANG_WARN_DEPRECATED_OBJC_IMPLEMENTATIONS = YES;
				CLANG_WARN_DIRECT_OBJC_ISA_USAGE = YES_ERROR;
				CLANG_WARN_DOCUMENTATION_COMMENTS = YES;
				CLANG_WARN_EMPTY_BODY = YES;
				CLANG_WARN_ENUM_CONVERSION = YES;
				CLANG_WARN_INFINITE_RECURSION = YES;
				CLANG_WARN_INT_CONVERSION = YES;
				CLANG_WARN_NON_LITERAL_NULL_CONVERSION = YES;
				CLANG_WARN_OBJC_IMPLICIT_RETAIN_SELF = YES;
				CLANG_WARN_OBJC_LITERAL_CONVERSION = YES;
				CLANG_WARN_OBJC_ROOT_CLASS = YES_ERROR;
				CLANG_WARN_QUOTED_INCLUDE_IN_FRAMEWORK_HEADER = YES;
				CLANG_WARN_RANGE_LOOP_ANALYSIS = YES;
				CLANG_WARN_STRICT_PROTOTYPES = YES;
				CLANG_WARN_SUSPICIOUS_MOVE = YES;
				CLANG_WARN_UNGUARDED_AVAILABILITY = YES_AGGRESSIVE;
				CLANG_WARN_UNREACHABLE_CODE = YES;
				CLANG_WARN__DUPLICATE_METHOD_MATCH = YES;
				COPY_PHASE_STRIP = NO;
				DEBUG_INFORMATION_FORMAT = "dwarf-with-dsym";
				DEVELOPMENT_TEAM = 6WYBUHQGZR;
				ENABLE_NS_ASSERTIONS = NO;
				ENABLE_STRICT_OBJC_MSGSEND = YES;
				ENABLE_USER_SCRIPT_SANDBOXING = YES;
				GCC_C_LANGUAGE_STANDARD = gnu17;
				GCC_NO_COMMON_BLOCKS = YES;
				GCC_WARN_64_TO_32_BIT_CONVERSION = YES;
				GCC_WARN_ABOUT_RETURN_TYPE = YES_ERROR;
				GCC_WARN_UNDECLARED_SELECTOR = YES;
				GCC_WARN_UNINITIALIZED_AUTOS = YES_AGGRESSIVE;
				GCC_WARN_UNUSED_FUNCTION = YES;
				GCC_WARN_UNUSED_VARIABLE = YES;
				IPHONEOS_DEPLOYMENT_TARGET = 18.5;
				LOCALIZATION_PREFERS_STRING_CATALOGS = YES;
				MTL_ENABLE_DEBUG_INFO = NO;
				MTL_FAST_MATH = YES;
				SDKROOT = iphoneos;
				SWIFT_COMPILATION_MODE = wholemodule;
				VALIDATE_PRODUCT = YES;
			};
			name = Release;
		};
		25B9DDEB2E101A94000ACC2E /* Debug */ = {
			isa = XCBuildConfiguration;
			buildSettings = {
				ASSETCATALOG_COMPILER_APPICON_NAME = AppIcon;
				ASSETCATALOG_COMPILER_GLOBAL_ACCENT_COLOR_NAME = AccentColor;
				CODE_SIGN_STYLE = Automatic;
				CURRENT_PROJECT_VERSION = 1;
				DEVELOPMENT_TEAM = 6WYBUHQGZR;
				ENABLE_PREVIEWS = YES;
				GENERATE_INFOPLIST_FILE = YES;
				INFOPLIST_KEY_UIApplicationSceneManifest_Generation = YES;
				INFOPLIST_KEY_UIApplicationSupportsIndirectInputEvents = YES;
				INFOPLIST_KEY_UILaunchScreen_Generation = YES;
				INFOPLIST_KEY_UISupportedInterfaceOrientations_iPad = "UIInterfaceOrientationPortrait UIInterfaceOrientationPortraitUpsideDown UIInterfaceOrientationLandscapeLeft UIInterfaceOrientationLandscapeRight";
				INFOPLIST_KEY_UISupportedInterfaceOrientations_iPhone = "UIInterfaceOrientationPortrait UIInterfaceOrientationLandscapeLeft UIInterfaceOrientationLandscapeRight";
				LD_RUNPATH_SEARCH_PATHS = (
					"$(inherited)",
					"@executable_path/Frameworks",
				);
				MARKETING_VERSION = 1.0;
				PRODUCT_BUNDLE_IDENTIFIER = com.vdHeijden.EvolveAI;
				PRODUCT_NAME = "$(TARGET_NAME)";
				SWIFT_EMIT_LOC_STRINGS = YES;
				SWIFT_VERSION = 5.0;
				TARGETED_DEVICE_FAMILY = "1,2";
			};
			name = Debug;
		};
		25B9DDEC2E101A94000ACC2E /* Release */ = {
			isa = XCBuildConfiguration;
			buildSettings = {
				ASSETCATALOG_COMPILER_APPICON_NAME = AppIcon;
				ASSETCATALOG_COMPILER_GLOBAL_ACCENT_COLOR_NAME = AccentColor;
				CODE_SIGN_STYLE = Automatic;
				CURRENT_PROJECT_VERSION = 1;
				DEVELOPMENT_TEAM = 6WYBUHQGZR;
				ENABLE_PREVIEWS = YES;
				GENERATE_INFOPLIST_FILE = YES;
				INFOPLIST_KEY_UIApplicationSceneManifest_Generation = YES;
				INFOPLIST_KEY_UIApplicationSupportsIndirectInputEvents = YES;
				INFOPLIST_KEY_UILaunchScreen_Generation = YES;
				INFOPLIST_KEY_UISupportedInterfaceOrientations_iPad = "UIInterfaceOrientationPortrait UIInterfaceOrientationPortraitUpsideDown UIInterfaceOrientationLandscapeLeft UIInterfaceOrientationLandscapeRight";
				INFOPLIST_KEY_UISupportedInterfaceOrientations_iPhone = "UIInterfaceOrientationPortrait UIInterfaceOrientationLandscapeLeft UIInterfaceOrientationLandscapeRight";
				LD_RUNPATH_SEARCH_PATHS = (
					"$(inherited)",
					"@executable_path/Frameworks",
				);
				MARKETING_VERSION = 1.0;
				PRODUCT_BUNDLE_IDENTIFIER = com.vdHeijden.EvolveAI;
				PRODUCT_NAME = "$(TARGET_NAME)";
				SWIFT_EMIT_LOC_STRINGS = YES;
				SWIFT_VERSION = 5.0;
				TARGETED_DEVICE_FAMILY = "1,2";
			};
			name = Release;
		};
		25B9DDEE2E101A94000ACC2E /* Debug */ = {
			isa = XCBuildConfiguration;
			buildSettings = {
				BUNDLE_LOADER = "$(TEST_HOST)";
				CODE_SIGN_STYLE = Automatic;
				CURRENT_PROJECT_VERSION = 1;
				DEVELOPMENT_TEAM = 6WYBUHQGZR;
				GENERATE_INFOPLIST_FILE = YES;
				IPHONEOS_DEPLOYMENT_TARGET = 18.5;
				MARKETING_VERSION = 1.0;
				PRODUCT_BUNDLE_IDENTIFIER = com.vdHeijden.EvolveAITests;
				PRODUCT_NAME = "$(TARGET_NAME)";
				SWIFT_EMIT_LOC_STRINGS = NO;
				SWIFT_VERSION = 5.0;
				TARGETED_DEVICE_FAMILY = "1,2";
				TEST_HOST = "$(BUILT_PRODUCTS_DIR)/EvolveAI.app/$(BUNDLE_EXECUTABLE_FOLDER_PATH)/EvolveAI";
			};
			name = Debug;
		};
		25B9DDEF2E101A94000ACC2E /* Release */ = {
			isa = XCBuildConfiguration;
			buildSettings = {
				BUNDLE_LOADER = "$(TEST_HOST)";
				CODE_SIGN_STYLE = Automatic;
				CURRENT_PROJECT_VERSION = 1;
				DEVELOPMENT_TEAM = 6WYBUHQGZR;
				GENERATE_INFOPLIST_FILE = YES;
				IPHONEOS_DEPLOYMENT_TARGET = 18.5;
				MARKETING_VERSION = 1.0;
				PRODUCT_BUNDLE_IDENTIFIER = com.vdHeijden.EvolveAITests;
				PRODUCT_NAME = "$(TARGET_NAME)";
				SWIFT_EMIT_LOC_STRINGS = NO;
				SWIFT_VERSION = 5.0;
				TARGETED_DEVICE_FAMILY = "1,2";
				TEST_HOST = "$(BUILT_PRODUCTS_DIR)/EvolveAI.app/$(BUNDLE_EXECUTABLE_FOLDER_PATH)/EvolveAI";
			};
			name = Release;
		};
		25B9DDF12E101A94000ACC2E /* Debug */ = {
			isa = XCBuildConfiguration;
			buildSettings = {
				CODE_SIGN_STYLE = Automatic;
				CURRENT_PROJECT_VERSION = 1;
				DEVELOPMENT_TEAM = 6WYBUHQGZR;
				GENERATE_INFOPLIST_FILE = YES;
				MARKETING_VERSION = 1.0;
				PRODUCT_BUNDLE_IDENTIFIER = com.vdHeijden.EvolveAIUITests;
				PRODUCT_NAME = "$(TARGET_NAME)";
				SWIFT_EMIT_LOC_STRINGS = NO;
				SWIFT_VERSION = 5.0;
				TARGETED_DEVICE_FAMILY = "1,2";
				TEST_TARGET_NAME = EvolveAI;
			};
			name = Debug;
		};
		25B9DDF22E101A94000ACC2E /* Release */ = {
			isa = XCBuildConfiguration;
			buildSettings = {
				CODE_SIGN_STYLE = Automatic;
				CURRENT_PROJECT_VERSION = 1;
				DEVELOPMENT_TEAM = 6WYBUHQGZR;
				GENERATE_INFOPLIST_FILE = YES;
				MARKETING_VERSION = 1.0;
				PRODUCT_BUNDLE_IDENTIFIER = com.vdHeijden.EvolveAIUITests;
				PRODUCT_NAME = "$(TARGET_NAME)";
				SWIFT_EMIT_LOC_STRINGS = NO;
				SWIFT_VERSION = 5.0;
				TARGETED_DEVICE_FAMILY = "1,2";
				TEST_TARGET_NAME = EvolveAI;
			};
			name = Release;
		};
/* End XCBuildConfiguration section */

/* Begin XCConfigurationList section */
		25B9DDC42E101A90000ACC2E /* Build configuration list for PBXProject "EvolveAI" */ = {
			isa = XCConfigurationList;
			buildConfigurations = (
				25B9DDE82E101A94000ACC2E /* Debug */,
				25B9DDE92E101A94000ACC2E /* Release */,
			);
			defaultConfigurationIsVisible = 0;
			defaultConfigurationName = Release;
		};
		25B9DDEA2E101A94000ACC2E /* Build configuration list for PBXNativeTarget "EvolveAI" */ = {
			isa = XCConfigurationList;
			buildConfigurations = (
				25B9DDEB2E101A94000ACC2E /* Debug */,
				25B9DDEC2E101A94000ACC2E /* Release */,
			);
			defaultConfigurationIsVisible = 0;
			defaultConfigurationName = Release;
		};
		25B9DDED2E101A94000ACC2E /* Build configuration list for PBXNativeTarget "EvolveAITests" */ = {
			isa = XCConfigurationList;
			buildConfigurations = (
				25B9DDEE2E101A94000ACC2E /* Debug */,
				25B9DDEF2E101A94000ACC2E /* Release */,
			);
			defaultConfigurationIsVisible = 0;
			defaultConfigurationName = Release;
		};
		25B9DDF02E101A94000ACC2E /* Build configuration list for PBXNativeTarget "EvolveAIUITests" */ = {
			isa = XCConfigurationList;
			buildConfigurations = (
				25B9DDF12E101A94000ACC2E /* Debug */,
				25B9DDF22E101A94000ACC2E /* Release */,
			);
			defaultConfigurationIsVisible = 0;
			defaultConfigurationName = Release;
		};
/* End XCConfigurationList section */
	};
	rootObject = 25B9DDC12E101A90000ACC2E /* Project object */;
}
